// !$*UTF8*$!
{
	archiveVersion = 1;
	classes = {
	};
	objectVersion = 50;
	objects = {

/* Begin PBXBuildFile section */
		9F9A185E208ED4200051A05A /* google.png in Resources */ = {isa = PBXBuildFile; fileRef = 9F9A185D208ED41F0051A05A /* google.png */; };
		9F9A1860208ED4420051A05A /* facebook.png in Resources */ = {isa = PBXBuildFile; fileRef = 9F9A185F208ED4420051A05A /* facebook.png */; };
		9FD2C04820882B750020B72E /* AppDelegate.swift in Sources */ = {isa = PBXBuildFile; fileRef = 9FD2C04720882B750020B72E /* AppDelegate.swift */; };
		9FD2C04A20882B750020B72E /* MenuViewController.swift in Sources */ = {isa = PBXBuildFile; fileRef = 9FD2C04920882B750020B72E /* MenuViewController.swift */; };
		9FD2C04D20882B750020B72E /* Main.storyboard in Resources */ = {isa = PBXBuildFile; fileRef = 9FD2C04B20882B750020B72E /* Main.storyboard */; };
		9FD2C04F20882B770020B72E /* Assets.xcassets in Resources */ = {isa = PBXBuildFile; fileRef = 9FD2C04E20882B770020B72E /* Assets.xcassets */; };
		9FD2C05220882B770020B72E /* LaunchScreen.storyboard in Resources */ = {isa = PBXBuildFile; fileRef = 9FD2C05020882B770020B72E /* LaunchScreen.storyboard */; };
		9FD2C05E20882C3D0020B72E /* splash.png in Resources */ = {isa = PBXBuildFile; fileRef = 9FD2C05D20882C3D0020B72E /* splash.png */; };
		9FD2C063208832080020B72E /* MenuViewCell.swift in Sources */ = {isa = PBXBuildFile; fileRef = 9FD2C062208832080020B72E /* MenuViewCell.swift */; };
		9FD2C06520883B040020B72E /* MenuService.swift in Sources */ = {isa = PBXBuildFile; fileRef = 9FD2C06420883B040020B72E /* MenuService.swift */; };
		9FD2C06720883B1C0020B72E /* Menu.swift in Sources */ = {isa = PBXBuildFile; fileRef = 9FD2C06620883B1C0020B72E /* Menu.swift */; };
		9FD2C06920883CFD0020B72E /* user.png in Resources */ = {isa = PBXBuildFile; fileRef = 9FD2C06820883CFD0020B72E /* user.png */; };
		9FD2C06B20883D650020B72E /* gps.png in Resources */ = {isa = PBXBuildFile; fileRef = 9FD2C06A20883D650020B72E /* gps.png */; };
		9FD2C06D20883DAA0020B72E /* quiz.png in Resources */ = {isa = PBXBuildFile; fileRef = 9FD2C06C20883DAA0020B72E /* quiz.png */; };
		9FD2C06F20883E050020B72E /* help.png in Resources */ = {isa = PBXBuildFile; fileRef = 9FD2C06E20883E050020B72E /* help.png */; };
		9FD2C109208850160020B72E /* Icon-App-29x29@2x.png in Resources */ = {isa = PBXBuildFile; fileRef = 9FD2C0F4208850140020B72E /* Icon-App-29x29@2x.png */; };
		9FD2C10A208850160020B72E /* Icon-App-20x20@3x.png in Resources */ = {isa = PBXBuildFile; fileRef = 9FD2C0F5208850140020B72E /* Icon-App-20x20@3x.png */; };
		9FD2C10B208850160020B72E /* Icon-App-40x40@3x.png in Resources */ = {isa = PBXBuildFile; fileRef = 9FD2C0F6208850150020B72E /* Icon-App-40x40@3x.png */; };
		9FD2C10F208850160020B72E /* Icon-App-29x29@3x.png in Resources */ = {isa = PBXBuildFile; fileRef = 9FD2C0FA208850150020B72E /* Icon-App-29x29@3x.png */; };
		9FD2C113208850160020B72E /* Icon-App-20x20@2x.png in Resources */ = {isa = PBXBuildFile; fileRef = 9FD2C0FE208850150020B72E /* Icon-App-20x20@2x.png */; };
		9FD2C115208850160020B72E /* Icon-App-60x60@3x.png in Resources */ = {isa = PBXBuildFile; fileRef = 9FD2C100208850150020B72E /* Icon-App-60x60@3x.png */; };
		9FD2C117208850160020B72E /* Icon-App-40x40@2x.png in Resources */ = {isa = PBXBuildFile; fileRef = 9FD2C102208850150020B72E /* Icon-App-40x40@2x.png */; };
		9FD2C118208850160020B72E /* Icon-App-60x60@2x.png in Resources */ = {isa = PBXBuildFile; fileRef = 9FD2C103208850150020B72E /* Icon-App-60x60@2x.png */; };
		9FD2C11E208851060020B72E /* logo.png in Resources */ = {isa = PBXBuildFile; fileRef = 9FD2C11D208851060020B72E /* logo.png */; };
		9FEF051E20896E5200893FA8 /* titulo.png in Resources */ = {isa = PBXBuildFile; fileRef = 9FEF051D20896E5200893FA8 /* titulo.png */; };
		9FEF05202089793500893FA8 /* CadastroViewController.swift in Sources */ = {isa = PBXBuildFile; fileRef = 9FEF051F2089793500893FA8 /* CadastroViewController.swift */; };
		9FEF052220897D2A00893FA8 /* DoacaoViewController.swift in Sources */ = {isa = PBXBuildFile; fileRef = 9FEF052120897D2A00893FA8 /* DoacaoViewController.swift */; };
		9FEF052420897F7500893FA8 /* QuizViewController.swift in Sources */ = {isa = PBXBuildFile; fileRef = 9FEF052320897F7500893FA8 /* QuizViewController.swift */; };
		9FEF052620897FB600893FA8 /* DuvidasViewController.swift in Sources */ = {isa = PBXBuildFile; fileRef = 9FEF052520897FB600893FA8 /* DuvidasViewController.swift */; };
		9FEF052820897FE800893FA8 /* SobreViewController.swift in Sources */ = {isa = PBXBuildFile; fileRef = 9FEF052720897FE800893FA8 /* SobreViewController.swift */; };
/* End PBXBuildFile section */

/* Begin PBXFileReference section */
		9F9A185D208ED41F0051A05A /* google.png */ = {isa = PBXFileReference; lastKnownFileType = image.png; name = google.png; path = ../../../../../../Desktop/google.png; sourceTree = "<group>"; };
		9F9A185F208ED4420051A05A /* facebook.png */ = {isa = PBXFileReference; lastKnownFileType = image.png; name = facebook.png; path = ../../../../../../Downloads/facebook.png; sourceTree = "<group>"; };
		9FD2C04420882B750020B72E /* SangueAmigo.app */ = {isa = PBXFileReference; explicitFileType = wrapper.application; includeInIndex = 0; path = SangueAmigo.app; sourceTree = BUILT_PRODUCTS_DIR; };
		9FD2C04720882B750020B72E /* AppDelegate.swift */ = {isa = PBXFileReference; lastKnownFileType = sourcecode.swift; path = AppDelegate.swift; sourceTree = "<group>"; };
		9FD2C04920882B750020B72E /* MenuViewController.swift */ = {isa = PBXFileReference; lastKnownFileType = sourcecode.swift; path = MenuViewController.swift; sourceTree = "<group>"; };
		9FD2C04C20882B750020B72E /* Base */ = {isa = PBXFileReference; lastKnownFileType = file.storyboard; name = Base; path = Base.lproj/Main.storyboard; sourceTree = "<group>"; };
		9FD2C04E20882B770020B72E /* Assets.xcassets */ = {isa = PBXFileReference; lastKnownFileType = folder.assetcatalog; path = Assets.xcassets; sourceTree = "<group>"; };
		9FD2C05120882B770020B72E /* Base */ = {isa = PBXFileReference; lastKnownFileType = file.storyboard; name = Base; path = Base.lproj/LaunchScreen.storyboard; sourceTree = "<group>"; };
		9FD2C05320882B770020B72E /* Info.plist */ = {isa = PBXFileReference; lastKnownFileType = text.plist.xml; path = Info.plist; sourceTree = "<group>"; };
		9FD2C05D20882C3D0020B72E /* splash.png */ = {isa = PBXFileReference; lastKnownFileType = image.png; name = splash.png; path = ../../../../Imagens/splash.png; sourceTree = "<group>"; };
		9FD2C062208832080020B72E /* MenuViewCell.swift */ = {isa = PBXFileReference; lastKnownFileType = sourcecode.swift; path = MenuViewCell.swift; sourceTree = "<group>"; };
		9FD2C06420883B040020B72E /* MenuService.swift */ = {isa = PBXFileReference; lastKnownFileType = sourcecode.swift; path = MenuService.swift; sourceTree = "<group>"; };
		9FD2C06620883B1C0020B72E /* Menu.swift */ = {isa = PBXFileReference; lastKnownFileType = sourcecode.swift; path = Menu.swift; sourceTree = "<group>"; };
		9FD2C06820883CFD0020B72E /* user.png */ = {isa = PBXFileReference; lastKnownFileType = image.png; name = user.png; path = ../../../../../../Downloads/user.png; sourceTree = "<group>"; };
		9FD2C06A20883D650020B72E /* gps.png */ = {isa = PBXFileReference; lastKnownFileType = image.png; name = gps.png; path = ../../../../../../Downloads/gps.png; sourceTree = "<group>"; };
		9FD2C06C20883DAA0020B72E /* quiz.png */ = {isa = PBXFileReference; lastKnownFileType = image.png; name = quiz.png; path = ../../../../../../Downloads/quiz.png; sourceTree = "<group>"; };
		9FD2C06E20883E050020B72E /* help.png */ = {isa = PBXFileReference; lastKnownFileType = image.png; name = help.png; path = ../../../../../../Downloads/help.png; sourceTree = "<group>"; };
		9FD2C0F4208850140020B72E /* Icon-App-29x29@2x.png */ = {isa = PBXFileReference; lastKnownFileType = image.png; name = "Icon-App-29x29@2x.png"; path = "../../../../../../../Downloads/logo/ios/AppIcon.appiconset/Icon-App-29x29@2x.png"; sourceTree = "<group>"; };
		9FD2C0F5208850140020B72E /* Icon-App-20x20@3x.png */ = {isa = PBXFileReference; lastKnownFileType = image.png; name = "Icon-App-20x20@3x.png"; path = "../../../../../../../Downloads/logo/ios/AppIcon.appiconset/Icon-App-20x20@3x.png"; sourceTree = "<group>"; };
		9FD2C0F6208850150020B72E /* Icon-App-40x40@3x.png */ = {isa = PBXFileReference; lastKnownFileType = image.png; name = "Icon-App-40x40@3x.png"; path = "../../../../../../../Downloads/logo/ios/AppIcon.appiconset/Icon-App-40x40@3x.png"; sourceTree = "<group>"; };
		9FD2C0FA208850150020B72E /* Icon-App-29x29@3x.png */ = {isa = PBXFileReference; lastKnownFileType = image.png; name = "Icon-App-29x29@3x.png"; path = "../../../../../../../Downloads/logo/ios/AppIcon.appiconset/Icon-App-29x29@3x.png"; sourceTree = "<group>"; };
		9FD2C0FE208850150020B72E /* Icon-App-20x20@2x.png */ = {isa = PBXFileReference; lastKnownFileType = image.png; name = "Icon-App-20x20@2x.png"; path = "../../../../../../../Downloads/logo/ios/AppIcon.appiconset/Icon-App-20x20@2x.png"; sourceTree = "<group>"; };
		9FD2C100208850150020B72E /* Icon-App-60x60@3x.png */ = {isa = PBXFileReference; lastKnownFileType = image.png; name = "Icon-App-60x60@3x.png"; path = "../../../../../../../Downloads/logo/ios/AppIcon.appiconset/Icon-App-60x60@3x.png"; sourceTree = "<group>"; };
		9FD2C102208850150020B72E /* Icon-App-40x40@2x.png */ = {isa = PBXFileReference; lastKnownFileType = image.png; name = "Icon-App-40x40@2x.png"; path = "../../../../../../../Downloads/logo/ios/AppIcon.appiconset/Icon-App-40x40@2x.png"; sourceTree = "<group>"; };
		9FD2C103208850150020B72E /* Icon-App-60x60@2x.png */ = {isa = PBXFileReference; lastKnownFileType = image.png; name = "Icon-App-60x60@2x.png"; path = "../../../../../../../Downloads/logo/ios/AppIcon.appiconset/Icon-App-60x60@2x.png"; sourceTree = "<group>"; };
		9FD2C11D208851060020B72E /* logo.png */ = {isa = PBXFileReference; lastKnownFileType = image.png; name = logo.png; path = ../../../../Imagens/logo.png; sourceTree = "<group>"; };
		9FEF051D20896E5200893FA8 /* titulo.png */ = {isa = PBXFileReference; lastKnownFileType = image.png; name = titulo.png; path = ../../../../../Imagens/titulo.png; sourceTree = "<group>"; };
		9FEF051F2089793500893FA8 /* CadastroViewController.swift */ = {isa = PBXFileReference; lastKnownFileType = sourcecode.swift; path = CadastroViewController.swift; sourceTree = "<group>"; };
		9FEF052120897D2A00893FA8 /* DoacaoViewController.swift */ = {isa = PBXFileReference; lastKnownFileType = sourcecode.swift; path = DoacaoViewController.swift; sourceTree = "<group>"; };
		9FEF052320897F7500893FA8 /* QuizViewController.swift */ = {isa = PBXFileReference; lastKnownFileType = sourcecode.swift; path = QuizViewController.swift; sourceTree = "<group>"; };
		9FEF052520897FB600893FA8 /* DuvidasViewController.swift */ = {isa = PBXFileReference; lastKnownFileType = sourcecode.swift; path = DuvidasViewController.swift; sourceTree = "<group>"; };
		9FEF052720897FE800893FA8 /* SobreViewController.swift */ = {isa = PBXFileReference; lastKnownFileType = sourcecode.swift; path = SobreViewController.swift; sourceTree = "<group>"; };
/* End PBXFileReference section */

/* Begin PBXFrameworksBuildPhase section */
		9FD2C04120882B750020B72E /* Frameworks */ = {
			isa = PBXFrameworksBuildPhase;
			buildActionMask = 2147483647;
			files = (
			);
			runOnlyForDeploymentPostprocessing = 0;
		};
/* End PBXFrameworksBuildPhase section */

/* Begin PBXGroup section */
		9FD2C03B20882B750020B72E = {
			isa = PBXGroup;
			children = (
				9FD2C04620882B750020B72E /* SangueAmigo */,
				9FD2C04520882B750020B72E /* Products */,
			);
			sourceTree = "<group>";
		};
		9FD2C04520882B750020B72E /* Products */ = {
			isa = PBXGroup;
			children = (
				9FD2C04420882B750020B72E /* SangueAmigo.app */,
			);
			name = Products;
			sourceTree = "<group>";
		};
		9FD2C04620882B750020B72E /* SangueAmigo */ = {
			isa = PBXGroup;
			children = (
				9FD2C06120882EEB0020B72E /* ViewModel */,
				9FD2C06020882EE00020B72E /* View */,
				9FD2C05F20882ED90020B72E /* Model */,
				9FD2C05920882B9B0020B72E /* Resources */,
				9FD2C04720882B750020B72E /* AppDelegate.swift */,
				9FD2C04B20882B750020B72E /* Main.storyboard */,
				9FD2C04E20882B770020B72E /* Assets.xcassets */,
				9FD2C05020882B770020B72E /* LaunchScreen.storyboard */,
				9FD2C05320882B770020B72E /* Info.plist */,
			);
			path = SangueAmigo;
			sourceTree = "<group>";
		};
		9FD2C05920882B9B0020B72E /* Resources */ = {
			isa = PBXGroup;
			children = (
				9FEF051A20896AC700893FA8 /* Template */,
				9FD2C0F220884FEF0020B72E /* AppIcons */,
				9FD2C06E20883E050020B72E /* help.png */,
				9F9A185D208ED41F0051A05A /* google.png */,
				9FD2C11D208851060020B72E /* logo.png */,
				9F9A185F208ED4420051A05A /* facebook.png */,
				9FD2C06C20883DAA0020B72E /* quiz.png */,
				9FD2C06A20883D650020B72E /* gps.png */,
				9FD2C06820883CFD0020B72E /* user.png */,
				9FD2C05D20882C3D0020B72E /* splash.png */,
			);
			path = Resources;
			sourceTree = "<group>";
		};
		9FD2C05F20882ED90020B72E /* Model */ = {
			isa = PBXGroup;
			children = (
				9FD2C06620883B1C0020B72E /* Menu.swift */,
			);
			path = Model;
			sourceTree = "<group>";
		};
		9FD2C06020882EE00020B72E /* View */ = {
			isa = PBXGroup;
			children = (
				9FD2C06420883B040020B72E /* MenuService.swift */,
			);
			path = View;
			sourceTree = "<group>";
		};
		9FD2C06120882EEB0020B72E /* ViewModel */ = {
			isa = PBXGroup;
			children = (
				9FD2C04920882B750020B72E /* MenuViewController.swift */,
				9FD2C062208832080020B72E /* MenuViewCell.swift */,
				9FEF051F2089793500893FA8 /* CadastroViewController.swift */,
				9FEF052120897D2A00893FA8 /* DoacaoViewController.swift */,
				9FEF052320897F7500893FA8 /* QuizViewController.swift */,
				9FEF052520897FB600893FA8 /* DuvidasViewController.swift */,
				9FEF052720897FE800893FA8 /* SobreViewController.swift */,
			);
			path = ViewModel;
			sourceTree = "<group>";
		};
		9FD2C0F220884FEF0020B72E /* AppIcons */ = {
			isa = PBXGroup;
			children = (
				9FD2C0FE208850150020B72E /* Icon-App-20x20@2x.png */,
				9FD2C0F5208850140020B72E /* Icon-App-20x20@3x.png */,
				9FD2C0F4208850140020B72E /* Icon-App-29x29@2x.png */,
				9FD2C0FA208850150020B72E /* Icon-App-29x29@3x.png */,
				9FD2C102208850150020B72E /* Icon-App-40x40@2x.png */,
				9FD2C0F6208850150020B72E /* Icon-App-40x40@3x.png */,
				9FD2C103208850150020B72E /* Icon-App-60x60@2x.png */,
				9FD2C100208850150020B72E /* Icon-App-60x60@3x.png */,
			);
			path = AppIcons;
			sourceTree = "<group>";
		};
		9FEF051A20896AC700893FA8 /* Template */ = {
			isa = PBXGroup;
			children = (
				9FEF051D20896E5200893FA8 /* titulo.png */,
			);
			path = Template;
			sourceTree = "<group>";
		};
/* End PBXGroup section */

/* Begin PBXNativeTarget section */
		9FD2C04320882B750020B72E /* SangueAmigo */ = {
			isa = PBXNativeTarget;
			buildConfigurationList = 9FD2C05620882B770020B72E /* Build configuration list for PBXNativeTarget "SangueAmigo" */;
			buildPhases = (
				9FD2C04020882B750020B72E /* Sources */,
				9FD2C04120882B750020B72E /* Frameworks */,
				9FD2C04220882B750020B72E /* Resources */,
			);
			buildRules = (
			);
			dependencies = (
			);
			name = SangueAmigo;
			productName = SangueAmigo;
			productReference = 9FD2C04420882B750020B72E /* SangueAmigo.app */;
			productType = "com.apple.product-type.application";
		};
/* End PBXNativeTarget section */

/* Begin PBXProject section */
		9FD2C03C20882B750020B72E /* Project object */ = {
			isa = PBXProject;
			attributes = {
				LastSwiftUpdateCheck = 0930;
				LastUpgradeCheck = 0930;
				ORGANIZATIONNAME = "Jailson Liberato";
				TargetAttributes = {
					9FD2C04320882B750020B72E = {
						CreatedOnToolsVersion = 9.3;
					};
				};
			};
			buildConfigurationList = 9FD2C03F20882B750020B72E /* Build configuration list for PBXProject "SangueAmigo" */;
			compatibilityVersion = "Xcode 9.3";
			developmentRegion = en;
			hasScannedForEncodings = 0;
			knownRegions = (
				en,
				Base,
			);
			mainGroup = 9FD2C03B20882B750020B72E;
			productRefGroup = 9FD2C04520882B750020B72E /* Products */;
			projectDirPath = "";
			projectRoot = "";
			targets = (
				9FD2C04320882B750020B72E /* SangueAmigo */,
			);
		};
/* End PBXProject section */

/* Begin PBXResourcesBuildPhase section */
		9FD2C04220882B750020B72E /* Resources */ = {
			isa = PBXResourcesBuildPhase;
			buildActionMask = 2147483647;
			files = (
				9FD2C06B20883D650020B72E /* gps.png in Resources */,
				9FD2C05220882B770020B72E /* LaunchScreen.storyboard in Resources */,
				9FD2C118208850160020B72E /* Icon-App-60x60@2x.png in Resources */,
				9FD2C10B208850160020B72E /* Icon-App-40x40@3x.png in Resources */,
				9FD2C117208850160020B72E /* Icon-App-40x40@2x.png in Resources */,
				9FD2C11E208851060020B72E /* logo.png in Resources */,
				9FD2C06920883CFD0020B72E /* user.png in Resources */,
				9F9A185E208ED4200051A05A /* google.png in Resources */,
				9FD2C109208850160020B72E /* Icon-App-29x29@2x.png in Resources */,
				9FD2C113208850160020B72E /* Icon-App-20x20@2x.png in Resources */,
				9FD2C06D20883DAA0020B72E /* quiz.png in Resources */,
				9FD2C06F20883E050020B72E /* help.png in Resources */,
				9FD2C10F208850160020B72E /* Icon-App-29x29@3x.png in Resources */,
				9FEF051E20896E5200893FA8 /* titulo.png in Resources */,
				9FD2C04F20882B770020B72E /* Assets.xcassets in Resources */,
				9FD2C04D20882B750020B72E /* Main.storyboard in Resources */,
				9FD2C05E20882C3D0020B72E /* splash.png in Resources */,
				9F9A1860208ED4420051A05A /* facebook.png in Resources */,
				9FD2C115208850160020B72E /* Icon-App-60x60@3x.png in Resources */,
				9FD2C10A208850160020B72E /* Icon-App-20x20@3x.png in Resources */,
			);
			runOnlyForDeploymentPostprocessing = 0;
		};
/* End PBXResourcesBuildPhase section */

/* Begin PBXSourcesBuildPhase section */
		9FD2C04020882B750020B72E /* Sources */ = {
			isa = PBXSourcesBuildPhase;
			buildActionMask = 2147483647;
			files = (
				9FD2C04A20882B750020B72E /* MenuViewController.swift in Sources */,
				9FEF052220897D2A00893FA8 /* DoacaoViewController.swift in Sources */,
				9FEF05202089793500893FA8 /* CadastroViewController.swift in Sources */,
				9FEF052420897F7500893FA8 /* QuizViewController.swift in Sources */,
				9FEF052820897FE800893FA8 /* SobreViewController.swift in Sources */,
				9FEF052620897FB600893FA8 /* DuvidasViewController.swift in Sources */,
				9FD2C04820882B750020B72E /* AppDelegate.swift in Sources */,
				9FD2C06520883B040020B72E /* MenuService.swift in Sources */,
				9FD2C063208832080020B72E /* MenuViewCell.swift in Sources */,
				9FD2C06720883B1C0020B72E /* Menu.swift in Sources */,
			);
			runOnlyForDeploymentPostprocessing = 0;
		};
/* End PBXSourcesBuildPhase section */

/* Begin PBXVariantGroup section */
		9FD2C04B20882B750020B72E /* Main.storyboard */ = {
			isa = PBXVariantGroup;
			children = (
				9FD2C04C20882B750020B72E /* Base */,
			);
			name = Main.storyboard;
			sourceTree = "<group>";
		};
		9FD2C05020882B770020B72E /* LaunchScreen.storyboard */ = {
			isa = PBXVariantGroup;
			children = (
				9FD2C05120882B770020B72E /* Base */,
			);
			name = LaunchScreen.storyboard;
			sourceTree = "<group>";
		};
/* End PBXVariantGroup section */

/* Begin XCBuildConfiguration section */
		9FD2C05420882B770020B72E /* Debug */ = {
			isa = XCBuildConfiguration;
			buildSettings = {
				ALWAYS_SEARCH_USER_PATHS = NO;
				CLANG_ANALYZER_NONNULL = YES;
				CLANG_ANALYZER_NUMBER_OBJECT_CONVERSION = YES_AGGRESSIVE;
				CLANG_CXX_LANGUAGE_STANDARD = "gnu++14";
				CLANG_CXX_LIBRARY = "libc++";
				CLANG_ENABLE_MODULES = YES;
				CLANG_ENABLE_OBJC_ARC = YES;
				CLANG_ENABLE_OBJC_WEAK = YES;
				CLANG_WARN_BLOCK_CAPTURE_AUTORELEASING = YES;
				CLANG_WARN_BOOL_CONVERSION = YES;
				CLANG_WARN_COMMA = YES;
				CLANG_WARN_CONSTANT_CONVERSION = YES;
				CLANG_WARN_DEPRECATED_OBJC_IMPLEMENTATIONS = YES;
				CLANG_WARN_DIRECT_OBJC_ISA_USAGE = YES_ERROR;
				CLANG_WARN_DOCUMENTATION_COMMENTS = YES;
				CLANG_WARN_EMPTY_BODY = YES;
				CLANG_WARN_ENUM_CONVERSION = YES;
				CLANG_WARN_INFINITE_RECURSION = YES;
				CLANG_WARN_INT_CONVERSION = YES;
				CLANG_WARN_NON_LITERAL_NULL_CONVERSION = YES;
				CLANG_WARN_OBJC_IMPLICIT_RETAIN_SELF = YES;
				CLANG_WARN_OBJC_LITERAL_CONVERSION = YES;
				CLANG_WARN_OBJC_ROOT_CLASS = YES_ERROR;
				CLANG_WARN_RANGE_LOOP_ANALYSIS = YES;
				CLANG_WARN_STRICT_PROTOTYPES = YES;
				CLANG_WARN_SUSPICIOUS_MOVE = YES;
				CLANG_WARN_UNGUARDED_AVAILABILITY = YES_AGGRESSIVE;
				CLANG_WARN_UNREACHABLE_CODE = YES;
				CLANG_WARN__DUPLICATE_METHOD_MATCH = YES;
				CODE_SIGN_IDENTITY = "iPhone Developer";
				COPY_PHASE_STRIP = NO;
				DEBUG_INFORMATION_FORMAT = dwarf;
				ENABLE_STRICT_OBJC_MSGSEND = YES;
				ENABLE_TESTABILITY = YES;
				GCC_C_LANGUAGE_STANDARD = gnu11;
				GCC_DYNAMIC_NO_PIC = NO;
				GCC_NO_COMMON_BLOCKS = YES;
				GCC_OPTIMIZATION_LEVEL = 0;
				GCC_PREPROCESSOR_DEFINITIONS = (
					"DEBUG=1",
					"$(inherited)",
				);
				GCC_WARN_64_TO_32_BIT_CONVERSION = YES;
				GCC_WARN_ABOUT_RETURN_TYPE = YES_ERROR;
				GCC_WARN_UNDECLARED_SELECTOR = YES;
				GCC_WARN_UNINITIALIZED_AUTOS = YES_AGGRESSIVE;
				GCC_WARN_UNUSED_FUNCTION = YES;
				GCC_WARN_UNUSED_VARIABLE = YES;
				IPHONEOS_DEPLOYMENT_TARGET = 11.3;
				MTL_ENABLE_DEBUG_INFO = YES;
				ONLY_ACTIVE_ARCH = YES;
				SDKROOT = iphoneos;
				SWIFT_ACTIVE_COMPILATION_CONDITIONS = DEBUG;
				SWIFT_OPTIMIZATION_LEVEL = "-Onone";
			};
			name = Debug;
		};
		9FD2C05520882B770020B72E /* Release */ = {
			isa = XCBuildConfiguration;
			buildSettings = {
				ALWAYS_SEARCH_USER_PATHS = NO;
				CLANG_ANALYZER_NONNULL = YES;
				CLANG_ANALYZER_NUMBER_OBJECT_CONVERSION = YES_AGGRESSIVE;
				CLANG_CXX_LANGUAGE_STANDARD = "gnu++14";
				CLANG_CXX_LIBRARY = "libc++";
				CLANG_ENABLE_MODULES = YES;
				CLANG_ENABLE_OBJC_ARC = YES;
				CLANG_ENABLE_OBJC_WEAK = YES;
				CLANG_WARN_BLOCK_CAPTURE_AUTORELEASING = YES;
				CLANG_WARN_BOOL_CONVERSION = YES;
				CLANG_WARN_COMMA = YES;
				CLANG_WARN_CONSTANT_CONVERSION = YES;
				CLANG_WARN_DEPRECATED_OBJC_IMPLEMENTATIONS = YES;
				CLANG_WARN_DIRECT_OBJC_ISA_USAGE = YES_ERROR;
				CLANG_WARN_DOCUMENTATION_COMMENTS = YES;
				CLANG_WARN_EMPTY_BODY = YES;
				CLANG_WARN_ENUM_CONVERSION = YES;
				CLANG_WARN_INFINITE_RECURSION = YES;
				CLANG_WARN_INT_CONVERSION = YES;
				CLANG_WARN_NON_LITERAL_NULL_CONVERSION = YES;
				CLANG_WARN_OBJC_IMPLICIT_RETAIN_SELF = YES;
				CLANG_WARN_OBJC_LITERAL_CONVERSION = YES;
				CLANG_WARN_OBJC_ROOT_CLASS = YES_ERROR;
				CLANG_WARN_RANGE_LOOP_ANALYSIS = YES;
				CLANG_WARN_STRICT_PROTOTYPES = YES;
				CLANG_WARN_SUSPICIOUS_MOVE = YES;
				CLANG_WARN_UNGUARDED_AVAILABILITY = YES_AGGRESSIVE;
				CLANG_WARN_UNREACHABLE_CODE = YES;
				CLANG_WARN__DUPLICATE_METHOD_MATCH = YES;
				CODE_SIGN_IDENTITY = "iPhone Developer";
				COPY_PHASE_STRIP = NO;
				DEBUG_INFORMATION_FORMAT = "dwarf-with-dsym";
				ENABLE_NS_ASSERTIONS = NO;
				ENABLE_STRICT_OBJC_MSGSEND = YES;
				GCC_C_LANGUAGE_STANDARD = gnu11;
				GCC_NO_COMMON_BLOCKS = YES;
				GCC_WARN_64_TO_32_BIT_CONVERSION = YES;
				GCC_WARN_ABOUT_RETURN_TYPE = YES_ERROR;
				GCC_WARN_UNDECLARED_SELECTOR = YES;
				GCC_WARN_UNINITIALIZED_AUTOS = YES_AGGRESSIVE;
				GCC_WARN_UNUSED_FUNCTION = YES;
				GCC_WARN_UNUSED_VARIABLE = YES;
				IPHONEOS_DEPLOYMENT_TARGET = 11.3;
				MTL_ENABLE_DEBUG_INFO = NO;
				SDKROOT = iphoneos;
				SWIFT_COMPILATION_MODE = wholemodule;
				SWIFT_OPTIMIZATION_LEVEL = "-O";
				VALIDATE_PRODUCT = YES;
			};
			name = Release;
		};
		9FD2C05720882B770020B72E /* Debug */ = {
			isa = XCBuildConfiguration;
			buildSettings = {
				ASSETCATALOG_COMPILER_APPICON_NAME = AppIcon;
				CODE_SIGN_STYLE = Automatic;
				INFOPLIST_FILE = SangueAmigo/Info.plist;
				LD_RUNPATH_SEARCH_PATHS = (
					"$(inherited)",
					"@executable_path/Frameworks",
				);
				PRODUCT_BUNDLE_IDENTIFIER = br.com.jailsonliberato.SangueAmigo;
				PRODUCT_NAME = "$(TARGET_NAME)";
				SWIFT_VERSION = 4.0;
				TARGETED_DEVICE_FAMILY = 1;
			};
			name = Debug;
		};
		9FD2C05820882B770020B72E /* Release */ = {
			isa = XCBuildConfiguration;
			buildSettings = {
				ASSETCATALOG_COMPILER_APPICON_NAME = AppIcon;
				CODE_SIGN_STYLE = Automatic;
				INFOPLIST_FILE = SangueAmigo/Info.plist;
				LD_RUNPATH_SEARCH_PATHS = (
					"$(inherited)",
					"@executable_path/Frameworks",
				);
				PRODUCT_BUNDLE_IDENTIFIER = br.com.jailsonliberato.SangueAmigo;
				PRODUCT_NAME = "$(TARGET_NAME)";
				SWIFT_VERSION = 4.0;
				TARGETED_DEVICE_FAMILY = 1;
			};
			name = Release;
		};
/* End XCBuildConfiguration section */

/* Begin XCConfigurationList section */
		9FD2C03F20882B750020B72E /* Build configuration list for PBXProject "SangueAmigo" */ = {
			isa = XCConfigurationList;
			buildConfigurations = (
				9FD2C05420882B770020B72E /* Debug */,
				9FD2C05520882B770020B72E /* Release */,
			);
			defaultConfigurationIsVisible = 0;
			defaultConfigurationName = Release;
		};
		9FD2C05620882B770020B72E /* Build configuration list for PBXNativeTarget "SangueAmigo" */ = {
			isa = XCConfigurationList;
			buildConfigurations = (
				9FD2C05720882B770020B72E /* Debug */,
				9FD2C05820882B770020B72E /* Release */,
			);
			defaultConfigurationIsVisible = 0;
			defaultConfigurationName = Release;
		};
/* End XCConfigurationList section */
	};
	rootObject = 9FD2C03C20882B750020B72E /* Project object */;
}
